
Microsoft Visual Studio Solution File, Format Version 11.00
# Visual Studio 2010
Project("{FAE04EC0-301F-11D3-BF4B-00C04F79EFBC}") = "Assembly-CSharp", "Assembly-CSharp.csproj", "{3E338209-810D-563E-2E94-F078D23AD230}"
EndProject
Project("{FAE04EC0-301F-11D3-BF4B-00C04F79EFBC}") = "Assembly-CSharp-firstpass", "Assembly-CSharp-firstpass.csproj", "{8483F20D-30F4-D896-2506-28F422C74766}"
EndProject
Project("{FAE04EC0-301F-11D3-BF4B-00C04F79EFBC}") = "Assembly-CSharp-Editor-firstpass", "Assembly-CSharp-Editor-firstpass.csproj", "{3D415E34-07FF-BED6-3A9A-A99FB5185E9B}"
EndProject
Global
	GlobalSection(SolutionConfigurationPlatforms) = preSolution
		Debug|Any CPU = Debug|Any CPU
		Release|Any CPU = Release|Any CPU
	EndGlobalSection
	GlobalSection(ProjectConfigurationPlatforms) = postSolution
		{3E338209-810D-563E-2E94-F078D23AD230}.Debug|Any CPU.ActiveCfg = Debug|Any CPU
		{3E338209-810D-563E-2E94-F078D23AD230}.Debug|Any CPU.Build.0 = Debug|Any CPU
		{3E338209-810D-563E-2E94-F078D23AD230}.Release|Any CPU.ActiveCfg = Release|Any CPU
		{3E338209-810D-563E-2E94-F078D23AD230}.Release|Any CPU.Build.0 = Release|Any CPU
		{8483F20D-30F4-D896-2506-28F422C74766}.Debug|Any CPU.ActiveCfg = Debug|Any CPU
		{8483F20D-30F4-D896-2506-28F422C74766}.Debug|Any CPU.Build.0 = Debug|Any CPU
		{8483F20D-30F4-D896-2506-28F422C74766}.Release|Any CPU.ActiveCfg = Release|Any CPU
		{8483F20D-30F4-D896-2506-28F422C74766}.Release|Any CPU.Build.0 = Release|Any CPU
		{3D415E34-07FF-BED6-3A9A-A99FB5185E9B}.Debug|Any CPU.ActiveCfg = Debug|Any CPU
		{3D415E34-07FF-BED6-3A9A-A99FB5185E9B}.Debug|Any CPU.Build.0 = Debug|Any CPU
		{3D415E34-07FF-BED6-3A9A-A99FB5185E9B}.Release|Any CPU.ActiveCfg = Release|Any CPU
		{3D415E34-07FF-BED6-3A9A-A99FB5185E9B}.Release|Any CPU.Build.0 = Release|Any CPU
	EndGlobalSection
	GlobalSection(SolutionProperties) = preSolution
		HideSolutionNode = FALSE
	EndGlobalSection
EndGlobal
